// !$*UTF8*$!
{
	archiveVersion = 1;
	classes = {
	};
	objectVersion = 46;
	objects = {

/* Begin PBXBuildFile section */
		A56589621B17E165007D8566 /* AppDelegate.m in Sources */ = {isa = PBXBuildFile; fileRef = A56589611B17E165007D8566 /* AppDelegate.m */; };
		A56589641B17E165007D8566 /* main.m in Sources */ = {isa = PBXBuildFile; fileRef = A56589631B17E165007D8566 /* main.m */; };
		A56589661B17E165007D8566 /* Images.xcassets in Resources */ = {isa = PBXBuildFile; fileRef = A56589651B17E165007D8566 /* Images.xcassets */; };
		A56589691B17E165007D8566 /* MainMenu.xib in Resources */ = {isa = PBXBuildFile; fileRef = A56589671B17E165007D8566 /* MainMenu.xib */; };
		A56589751B17E166007D8566 /* KvcFunTests.m in Sources */ = {isa = PBXBuildFile; fileRef = A56589741B17E166007D8566 /* KvcFunTests.m */; };
/* End PBXBuildFile section */

/* Begin PBXContainerItemProxy section */
		A565896F1B17E166007D8566 /* PBXContainerItemProxy */ = {
			isa = PBXContainerItemProxy;
			containerPortal = A56589531B17E165007D8566 /* Project object */;
			proxyType = 1;
			remoteGlobalIDString = A565895A1B17E165007D8566;
			remoteInfo = KvcFun;
		};
/* End PBXContainerItemProxy section */

/* Begin PBXFileReference section */
		A565895B1B17E165007D8566 /* KvcFun.app */ = {isa = PBXFileReference; explicitFileType = wrapper.application; includeInIndex = 0; path = KvcFun.app; sourceTree = BUILT_PRODUCTS_DIR; };
		A565895F1B17E165007D8566 /* Info.plist */ = {isa = PBXFileReference; lastKnownFileType = text.plist.xml; path = Info.plist; sourceTree = "<group>"; };
		A56589601B17E165007D8566 /* AppDelegate.h */ = {isa = PBXFileReference; lastKnownFileType = sourcecode.c.h; path = AppDelegate.h; sourceTree = "<group>"; };
		A56589611B17E165007D8566 /* AppDelegate.m */ = {isa = PBXFileReference; lastKnownFileType = sourcecode.c.objc; path = AppDelegate.m; sourceTree = "<group>"; };
		A56589631B17E165007D8566 /* main.m */ = {isa = PBXFileReference; lastKnownFileType = sourcecode.c.objc; path = main.m; sourceTree = "<group>"; };
		A56589651B17E165007D8566 /* Images.xcassets */ = {isa = PBXFileReference; lastKnownFileType = folder.assetcatalog; path = Images.xcassets; sourceTree = "<group>"; };
		A56589681B17E165007D8566 /* Base */ = {isa = PBXFileReference; lastKnownFileType = file.xib; name = Base; path = Base.lproj/MainMenu.xib; sourceTree = "<group>"; };
		A565896E1B17E166007D8566 /* KvcFunTests.xctest */ = {isa = PBXFileReference; explicitFileType = wrapper.cfbundle; includeInIndex = 0; path = KvcFunTests.xctest; sourceTree = BUILT_PRODUCTS_DIR; };
		A56589731B17E166007D8566 /* Info.plist */ = {isa = PBXFileReference; lastKnownFileType = text.plist.xml; path = Info.plist; sourceTree = "<group>"; };
		A56589741B17E166007D8566 /* KvcFunTests.m */ = {isa = PBXFileReference; lastKnownFileType = sourcecode.c.objc; path = KvcFunTests.m; sourceTree = "<group>"; };
/* End PBXFileReference section */

/* Begin PBXFrameworksBuildPhase section */
		A56589581B17E165007D8566 /* Frameworks */ = {
			isa = PBXFrameworksBuildPhase;
			buildActionMask = 2147483647;
			files = (
			);
			runOnlyForDeploymentPostprocessing = 0;
		};
		A565896B1B17E166007D8566 /* Frameworks */ = {
			isa = PBXFrameworksBuildPhase;
			buildActionMask = 2147483647;
			files = (
			);
			runOnlyForDeploymentPostprocessing = 0;
		};
/* End PBXFrameworksBuildPhase section */

/* Begin PBXGroup section */
		A56589521B17E165007D8566 = {
			isa = PBXGroup;
			children = (
				A565895D1B17E165007D8566 /* KvcFun */,
				A56589711B17E166007D8566 /* KvcFunTests */,
				A565895C1B17E165007D8566 /* Products */,
			);
			sourceTree = "<group>";
		};
		A565895C1B17E165007D8566 /* Products */ = {
			isa = PBXGroup;
			children = (
				A565895B1B17E165007D8566 /* KvcFun.app */,
				A565896E1B17E166007D8566 /* KvcFunTests.xctest */,
			);
			name = Products;
			sourceTree = "<group>";
		};
		A565895D1B17E165007D8566 /* KvcFun */ = {
			isa = PBXGroup;
			children = (
				A56589601B17E165007D8566 /* AppDelegate.h */,
				A56589611B17E165007D8566 /* AppDelegate.m */,
				A56589651B17E165007D8566 /* Images.xcassets */,
				A56589671B17E165007D8566 /* MainMenu.xib */,
				A565895E1B17E165007D8566 /* Supporting Files */,
			);
			path = KvcFun;
			sourceTree = "<group>";
		};
		A565895E1B17E165007D8566 /* Supporting Files */ = {
			isa = PBXGroup;
			children = (
				A565895F1B17E165007D8566 /* Info.plist */,
				A56589631B17E165007D8566 /* main.m */,
			);
			name = "Supporting Files";
			sourceTree = "<group>";
		};
		A56589711B17E166007D8566 /* KvcFunTests */ = {
			isa = PBXGroup;
			children = (
				A56589741B17E166007D8566 /* KvcFunTests.m */,
				A56589721B17E166007D8566 /* Supporting Files */,
			);
			path = KvcFunTests;
			sourceTree = "<group>";
		};
		A56589721B17E166007D8566 /* Supporting Files */ = {
			isa = PBXGroup;
			children = (
				A56589731B17E166007D8566 /* Info.plist */,
			);
			name = "Supporting Files";
			sourceTree = "<group>";
		};
/* End PBXGroup section */

/* Begin PBXNativeTarget section */
		A565895A1B17E165007D8566 /* KvcFun */ = {
			isa = PBXNativeTarget;
			buildConfigurationList = A56589781B17E166007D8566 /* Build configuration list for PBXNativeTarget "KvcFun" */;
			buildPhases = (
				A56589571B17E165007D8566 /* Sources */,
				A56589581B17E165007D8566 /* Frameworks */,
				A56589591B17E165007D8566 /* Resources */,
			);
			buildRules = (
			);
			dependencies = (
			);
			name = KvcFun;
			productName = KvcFun;
			productReference = A565895B1B17E165007D8566 /* KvcFun.app */;
			productType = "com.apple.product-type.application";
		};
		A565896D1B17E166007D8566 /* KvcFunTests */ = {
			isa = PBXNativeTarget;
			buildConfigurationList = A565897B1B17E166007D8566 /* Build configuration list for PBXNativeTarget "KvcFunTests" */;
			buildPhases = (
				A565896A1B17E166007D8566 /* Sources */,
				A565896B1B17E166007D8566 /* Frameworks */,
				A565896C1B17E166007D8566 /* Resources */,
			);
			buildRules = (
			);
			dependencies = (
				A56589701B17E166007D8566 /* PBXTargetDependency */,
			);
			name = KvcFunTests;
			productName = KvcFunTests;
			productReference = A565896E1B17E166007D8566 /* KvcFunTests.xctest */;
			productType = "com.apple.product-type.bundle.unit-test";
		};
/* End PBXNativeTarget section */

/* Begin PBXProject section */
		A56589531B17E165007D8566 /* Project object */ = {
			isa = PBXProject;
			attributes = {
				LastUpgradeCheck = 0630;
				ORGANIZATIONNAME = "Wunmin Chung";
				TargetAttributes = {
					A565895A1B17E165007D8566 = {
						CreatedOnToolsVersion = 6.3;
					};
					A565896D1B17E166007D8566 = {
						CreatedOnToolsVersion = 6.3;
						TestTargetID = A565895A1B17E165007D8566;
					};
				};
			};
			buildConfigurationList = A56589561B17E165007D8566 /* Build configuration list for PBXProject "KvcFun" */;
			compatibilityVersion = "Xcode 3.2";
			developmentRegion = English;
			hasScannedForEncodings = 0;
			knownRegions = (
				en,
				Base,
			);
			mainGroup = A56589521B17E165007D8566;
			productRefGroup = A565895C1B17E165007D8566 /* Products */;
			projectDirPath = "";
			projectRoot = "";
			targets = (
				A565895A1B17E165007D8566 /* KvcFun */,
				A565896D1B17E166007D8566 /* KvcFunTests */,
			);
		};
/* End PBXProject section */

/* Begin PBXResourcesBuildPhase section */
		A56589591B17E165007D8566 /* Resources */ = {
			isa = PBXResourcesBuildPhase;
			buildActionMask = 2147483647;
			files = (
				A56589661B17E165007D8566 /* Images.xcassets in Resources */,
				A56589691B17E165007D8566 /* MainMenu.xib in Resources */,
			);
			runOnlyForDeploymentPostprocessing = 0;
		};
		A565896C1B17E166007D8566 /* Resources */ = {
			isa = PBXResourcesBuildPhase;
			buildActionMask = 2147483647;
			files = (
			);
			runOnlyForDeploymentPostprocessing = 0;
		};
/* End PBXResourcesBuildPhase section */

/* Begin PBXSourcesBuildPhase section */
		A56589571B17E165007D8566 /* Sources */ = {
			isa = PBXSourcesBuildPhase;
			buildActionMask = 2147483647;
			files = (
				A56589641B17E165007D8566 /* main.m in Sources */,
				A56589621B17E165007D8566 /* AppDelegate.m in Sources */,
			);
			runOnlyForDeploymentPostprocessing = 0;
		};
		A565896A1B17E166007D8566 /* Sources */ = {
			isa = PBXSourcesBuildPhase;
			buildActionMask = 2147483647;
			files = (
				A56589751B17E166007D8566 /* KvcFunTests.m in Sources */,
			);
			runOnlyForDeploymentPostprocessing = 0;
		};
/* End PBXSourcesBuildPhase section */

/* Begin PBXTargetDependency section */
		A56589701B17E166007D8566 /* PBXTargetDependency */ = {
			isa = PBXTargetDependency;
			target = A565895A1B17E165007D8566 /* KvcFun */;
			targetProxy = A565896F1B17E166007D8566 /* PBXContainerItemProxy */;
		};
/* End PBXTargetDependency section */

/* Begin PBXVariantGroup section */
		A56589671B17E165007D8566 /* MainMenu.xib */ = {
			isa = PBXVariantGroup;
			children = (
				A56589681B17E165007D8566 /* Base */,
			);
			name = MainMenu.xib;
			sourceTree = "<group>";
		};
/* End PBXVariantGroup section */

/* Begin XCBuildConfiguration section */
		A56589761B17E166007D8566 /* Debug */ = {
			isa = XCBuildConfiguration;
			buildSettings = {
				ALWAYS_SEARCH_USER_PATHS = NO;
				CLANG_CXX_LANGUAGE_STANDARD = "gnu++0x";
				CLANG_CXX_LIBRARY = "libc++";
				CLANG_ENABLE_MODULES = YES;
				CLANG_ENABLE_OBJC_ARC = YES;
				CLANG_WARN_BOOL_CONVERSION = YES;
				CLANG_WARN_CONSTANT_CONVERSION = YES;
				CLANG_WARN_DIRECT_OBJC_ISA_USAGE = YES_ERROR;
				CLANG_WARN_EMPTY_BODY = YES;
				CLANG_WARN_ENUM_CONVERSION = YES;
				CLANG_WARN_INT_CONVERSION = YES;
				CLANG_WARN_OBJC_ROOT_CLASS = YES_ERROR;
				CLANG_WARN_UNREACHABLE_CODE = YES;
				CLANG_WARN__DUPLICATE_METHOD_MATCH = YES;
				CODE_SIGN_IDENTITY = "-";
				COPY_PHASE_STRIP = NO;
				DEBUG_INFORMATION_FORMAT = dwarf;
				ENABLE_STRICT_OBJC_MSGSEND = YES;
				GCC_C_LANGUAGE_STANDARD = gnu99;
				GCC_DYNAMIC_NO_PIC = NO;
				GCC_NO_COMMON_BLOCKS = YES;
				GCC_OPTIMIZATION_LEVEL = 0;
				GCC_PREPROCESSOR_DEFINITIONS = (
					"DEBUG=1",
					"$(inherited)",
				);
				GCC_SYMBOLS_PRIVATE_EXTERN = NO;
				GCC_WARN_64_TO_32_BIT_CONVERSION = YES;
				GCC_WARN_ABOUT_RETURN_TYPE = YES_ERROR;
				GCC_WARN_UNDECLARED_SELECTOR = YES;
				GCC_WARN_UNINITIALIZED_AUTOS = YES_AGGRESSIVE;
				GCC_WARN_UNUSED_FUNCTION = YES;
				GCC_WARN_UNUSED_VARIABLE = YES;
				MACOSX_DEPLOYMENT_TARGET = 10.10;
				MTL_ENABLE_DEBUG_INFO = YES;
				ONLY_ACTIVE_ARCH = YES;
				SDKROOT = macosx;
			};
			name = Debug;
		};
		A56589771B17E166007D8566 /* Release */ = {
			isa = XCBuildConfiguration;
			buildSettings = {
				ALWAYS_SEARCH_USER_PATHS = NO;
				CLANG_CXX_LANGUAGE_STANDARD = "gnu++0x";
				CLANG_CXX_LIBRARY = "libc++";
				CLANG_ENABLE_MODULES = YES;
				CLANG_ENABLE_OBJC_ARC = YES;
				CLANG_WARN_BOOL_CONVERSION = YES;
				CLANG_WARN_CONSTANT_CONVERSION = YES;
				CLANG_WARN_DIRECT_OBJC_ISA_USAGE = YES_ERROR;
				CLANG_WARN_EMPTY_BODY = YES;
				CLANG_WARN_ENUM_CONVERSION = YES;
				CLANG_WARN_INT_CONVERSION = YES;
				CLANG_WARN_OBJC_ROOT_CLASS = YES_ERROR;
				CLANG_WARN_UNREACHABLE_CODE = YES;
				CLANG_WARN__DUPLICATE_METHOD_MATCH = YES;
				CODE_SIGN_IDENTITY = "-";
				COPY_PHASE_STRIP = NO;
				DEBUG_INFORMATION_FORMAT = "dwarf-with-dsym";
				ENABLE_NS_ASSERTIONS = NO;
				ENABLE_STRICT_OBJC_MSGSEND = YES;
				GCC_C_LANGUAGE_STANDARD = gnu99;
				GCC_NO_COMMON_BLOCKS = YES;
				GCC_WARN_64_TO_32_BIT_CONVERSION = YES;
				GCC_WARN_ABOUT_RETURN_TYPE = YES_ERROR;
				GCC_WARN_UNDECLARED_SELECTOR = YES;
				GCC_WARN_UNINITIALIZED_AUTOS = YES_AGGRESSIVE;
				GCC_WARN_UNUSED_FUNCTION = YES;
				GCC_WARN_UNUSED_VARIABLE = YES;
				MACOSX_DEPLOYMENT_TARGET = 10.10;
				MTL_ENABLE_DEBUG_INFO = NO;
				SDKROOT = macosx;
			};
			name = Release;
		};
		A56589791B17E166007D8566 /* Debug */ = {
			isa = XCBuildConfiguration;
			buildSettings = {
				ASSETCATALOG_COMPILER_APPICON_NAME = AppIcon;
				COMBINE_HIDPI_IMAGES = YES;
				INFOPLIST_FILE = KvcFun/Info.plist;
				LD_RUNPATH_SEARCH_PATHS = "$(inherited) @executable_path/../Frameworks";
				PRODUCT_NAME = "$(TARGET_NAME)";
			};
			name = Debug;
		};
		A565897A1B17E166007D8566 /* Release */ = {
			isa = XCBuildConfiguration;
			buildSettings = {
				ASSETCATALOG_COMPILER_APPICON_NAME = AppIcon;
				COMBINE_HIDPI_IMAGES = YES;
				INFOPLIST_FILE = KvcFun/Info.plist;
				LD_RUNPATH_SEARCH_PATHS = "$(inherited) @executable_path/../Frameworks";
				PRODUCT_NAME = "$(TARGET_NAME)";
			};
			name = Release;
		};
		A565897C1B17E166007D8566 /* Debug */ = {
			isa = XCBuildConfiguration;
			buildSettings = {
				BUNDLE_LOADER = "$(TEST_HOST)";
				COMBINE_HIDPI_IMAGES = YES;
				FRAMEWORK_SEARCH_PATHS = (
					"$(DEVELOPER_FRAMEWORKS_DIR)",
					"$(inherited)",
				);
				GCC_PREPROCESSOR_DEFINITIONS = (
					"DEBUG=1",
					"$(inherited)",
				);
				INFOPLIST_FILE = KvcFunTests/Info.plist;
				LD_RUNPATH_SEARCH_PATHS = "$(inherited) @executable_path/../Frameworks @loader_path/../Frameworks";
				PRODUCT_NAME = "$(TARGET_NAME)";
				TEST_HOST = "$(BUILT_PRODUCTS_DIR)/KvcFun.app/Contents/MacOS/KvcFun";
			};
			name = Debug;
		};
		A565897D1B17E166007D8566 /* Release */ = {
			isa = XCBuildConfiguration;
			buildSettings = {
				BUNDLE_LOADER = "$(TEST_HOST)";
				COMBINE_HIDPI_IMAGES = YES;
				FRAMEWORK_SEARCH_PATHS = (
					"$(DEVELOPER_FRAMEWORKS_DIR)",
					"$(inherited)",
				);
				INFOPLIST_FILE = KvcFunTests/Info.plist;
				LD_RUNPATH_SEARCH_PATHS = "$(inherited) @executable_path/../Frameworks @loader_path/../Frameworks";
				PRODUCT_NAME = "$(TARGET_NAME)";
				TEST_HOST = "$(BUILT_PRODUCTS_DIR)/KvcFun.app/Contents/MacOS/KvcFun";
			};
			name = Release;
		};
/* End XCBuildConfiguration section */

/* Begin XCConfigurationList section */
		A56589561B17E165007D8566 /* Build configuration list for PBXProject "KvcFun" */ = {
			isa = XCConfigurationList;
			buildConfigurations = (
				A56589761B17E166007D8566 /* Debug */,
				A56589771B17E166007D8566 /* Release */,
			);
			defaultConfigurationIsVisible = 0;
			defaultConfigurationName = Release;
		};
		A56589781B17E166007D8566 /* Build configuration list for PBXNativeTarget "KvcFun" */ = {
			isa = XCConfigurationList;
			buildConfigurations = (
				A56589791B17E166007D8566 /* Debug */,
				A565897A1B17E166007D8566 /* Release */,
			);
			defaultConfigurationIsVisible = 0;
		};
		A565897B1B17E166007D8566 /* Build configuration list for PBXNativeTarget "KvcFunTests" */ = {
			isa = XCConfigurationList;
			buildConfigurations = (
				A565897C1B17E166007D8566 /* Debug */,
				A565897D1B17E166007D8566 /* Release */,
			);
			defaultConfigurationIsVisible = 0;
		};
/* End XCConfigurationList section */
	};
	rootObject = A56589531B17E165007D8566 /* Project object */;
}
